
Microsoft Visual Studio Solution File, Format Version 12.00
# Visual Studio Version 17
VisualStudioVersion = 17.4.33205.214
MinimumVisualStudioVersion = 10.0.40219.1
Project("{2150E333-8FDC-42A3-9474-1A3956D46DE8}") = "src", "src", "{8A982438-A233-4F87-A25E-4B744FBFEA7E}"
EndProject
Project("{9A19103F-16F7-4668-BE54-9A1E7A4F7556}") = "PowerBIReports.Host", "PowerBIReports.Host\PowerBIReports.Host.csproj", "{72675AC1-14A7-4340-A716-A442D5CEB7E4}"
EndProject
Project("{9A19103F-16F7-4668-BE54-9A1E7A4F7556}") = "PowerBIReports.Domain", "PowerBIReports.Domain\PowerBIReports.Domain.csproj", "{9D54C3BF-582B-4619-A1B0-D6C67D118579}"
EndProject
Project("{2150E333-8FDC-42A3-9474-1A3956D46DE8}") = "test", "test", "{4E69D59A-4E5E-4807-AB83-ABE4E73364B1}"
EndProject
Project("{9A19103F-16F7-4668-BE54-9A1E7A4F7556}") = "PowerBIReports.Infrastructure", "PowerBI.Infrastructure\PowerBIReports.Infrastructure.csproj", "{32B119D8-14AD-4A0A-919B-616CDC75F82E}"
EndProject
Project("{2150E333-8FDC-42A3-9474-1A3956D46DE8}") = "ReportingServices", "ReportingServices", "{EE7C9D71-E640-4615-A7C1-6D38D64C19E4}"
EndProject
Project("{F14B399A-7131-4C87-9E4B-1186C45EF12D}") = "ReporteGeneros", "ReporteGeneros\ReporteGeneros.rptproj", "{F76068A3-729D-4AA4-88D6-E15ABA0B916C}"
EndProject
Project("{FAE04EC0-301F-11D3-BF4B-00C04F79EFBC}") = "SQLReportService.Host", "SQLReportService\SQLReportService.Host.csproj", "{41596BDA-47EC-4A0C-86A7-52999357C9C4}"
EndProject
Project("{2150E333-8FDC-42A3-9474-1A3956D46DE8}") = "PowerBIReport", "PowerBIReport", "{CBDDEFF0-E74C-4895-8CF0-5BE41A939DA9}"
EndProject
Project("{2150E333-8FDC-42A3-9474-1A3956D46DE8}") = "SQLRService", "SQLRService", "{895175DA-760E-47A9-9450-AF159D0075CB}"
EndProject
Global
	GlobalSection(SolutionConfigurationPlatforms) = preSolution
		Debug|Any CPU = Debug|Any CPU
		DebugLocal|Any CPU = DebugLocal|Any CPU
		Release|Any CPU = Release|Any CPU
	EndGlobalSection
	GlobalSection(ProjectConfigurationPlatforms) = postSolution
		{72675AC1-14A7-4340-A716-A442D5CEB7E4}.Debug|Any CPU.ActiveCfg = Debug|Any CPU
		{72675AC1-14A7-4340-A716-A442D5CEB7E4}.Debug|Any CPU.Build.0 = Debug|Any CPU
		{72675AC1-14A7-4340-A716-A442D5CEB7E4}.DebugLocal|Any CPU.ActiveCfg = Debug|Any CPU
		{72675AC1-14A7-4340-A716-A442D5CEB7E4}.DebugLocal|Any CPU.Build.0 = Debug|Any CPU
		{72675AC1-14A7-4340-A716-A442D5CEB7E4}.Release|Any CPU.ActiveCfg = Release|Any CPU
		{72675AC1-14A7-4340-A716-A442D5CEB7E4}.Release|Any CPU.Build.0 = Release|Any CPU
		{9D54C3BF-582B-4619-A1B0-D6C67D118579}.Debug|Any CPU.ActiveCfg = Debug|Any CPU
		{9D54C3BF-582B-4619-A1B0-D6C67D118579}.Debug|Any CPU.Build.0 = Debug|Any CPU
		{9D54C3BF-582B-4619-A1B0-D6C67D118579}.DebugLocal|Any CPU.ActiveCfg = Debug|Any CPU
		{9D54C3BF-582B-4619-A1B0-D6C67D118579}.DebugLocal|Any CPU.Build.0 = Debug|Any CPU
		{9D54C3BF-582B-4619-A1B0-D6C67D118579}.Release|Any CPU.ActiveCfg = Release|Any CPU
		{9D54C3BF-582B-4619-A1B0-D6C67D118579}.Release|Any CPU.Build.0 = Release|Any CPU
		{32B119D8-14AD-4A0A-919B-616CDC75F82E}.Debug|Any CPU.ActiveCfg = Debug|Any CPU
		{32B119D8-14AD-4A0A-919B-616CDC75F82E}.Debug|Any CPU.Build.0 = Debug|Any CPU
		{32B119D8-14AD-4A0A-919B-616CDC75F82E}.DebugLocal|Any CPU.ActiveCfg = Debug|Any CPU
		{32B119D8-14AD-4A0A-919B-616CDC75F82E}.DebugLocal|Any CPU.Build.0 = Debug|Any CPU
		{32B119D8-14AD-4A0A-919B-616CDC75F82E}.Release|Any CPU.ActiveCfg = Release|Any CPU
		{32B119D8-14AD-4A0A-919B-616CDC75F82E}.Release|Any CPU.Build.0 = Release|Any CPU
		{F76068A3-729D-4AA4-88D6-E15ABA0B916C}.Debug|Any CPU.ActiveCfg = Debug
		{F76068A3-729D-4AA4-88D6-E15ABA0B916C}.Debug|Any CPU.Build.0 = Debug
		{F76068A3-729D-4AA4-88D6-E15ABA0B916C}.Debug|Any CPU.Deploy.0 = Debug
		{F76068A3-729D-4AA4-88D6-E15ABA0B916C}.DebugLocal|Any CPU.ActiveCfg = DebugLocal
		{F76068A3-729D-4AA4-88D6-E15ABA0B916C}.DebugLocal|Any CPU.Build.0 = DebugLocal
		{F76068A3-729D-4AA4-88D6-E15ABA0B916C}.Release|Any CPU.ActiveCfg = Release
		{F76068A3-729D-4AA4-88D6-E15ABA0B916C}.Release|Any CPU.Build.0 = Release
		{F76068A3-729D-4AA4-88D6-E15ABA0B916C}.Release|Any CPU.Deploy.0 = Release
		{41596BDA-47EC-4A0C-86A7-52999357C9C4}.Debug|Any CPU.ActiveCfg = Debug|Any CPU
		{41596BDA-47EC-4A0C-86A7-52999357C9C4}.Debug|Any CPU.Build.0 = Debug|Any CPU
		{41596BDA-47EC-4A0C-86A7-52999357C9C4}.DebugLocal|Any CPU.ActiveCfg = Debug|Any CPU
		{41596BDA-47EC-4A0C-86A7-52999357C9C4}.DebugLocal|Any CPU.Build.0 = Debug|Any CPU
		{41596BDA-47EC-4A0C-86A7-52999357C9C4}.Release|Any CPU.ActiveCfg = Release|Any CPU
		{41596BDA-47EC-4A0C-86A7-52999357C9C4}.Release|Any CPU.Build.0 = Release|Any CPU
	EndGlobalSection
	GlobalSection(SolutionProperties) = preSolution
		HideSolutionNode = FALSE
	EndGlobalSection
	GlobalSection(NestedProjects) = preSolution
		{72675AC1-14A7-4340-A716-A442D5CEB7E4} = {CBDDEFF0-E74C-4895-8CF0-5BE41A939DA9}
		{9D54C3BF-582B-4619-A1B0-D6C67D118579} = {CBDDEFF0-E74C-4895-8CF0-5BE41A939DA9}
		{32B119D8-14AD-4A0A-919B-616CDC75F82E} = {CBDDEFF0-E74C-4895-8CF0-5BE41A939DA9}
		{EE7C9D71-E640-4615-A7C1-6D38D64C19E4} = {8A982438-A233-4F87-A25E-4B744FBFEA7E}
		{F76068A3-729D-4AA4-88D6-E15ABA0B916C} = {EE7C9D71-E640-4615-A7C1-6D38D64C19E4}
		{41596BDA-47EC-4A0C-86A7-52999357C9C4} = {895175DA-760E-47A9-9450-AF159D0075CB}
		{CBDDEFF0-E74C-4895-8CF0-5BE41A939DA9} = {8A982438-A233-4F87-A25E-4B744FBFEA7E}
		{895175DA-760E-47A9-9450-AF159D0075CB} = {8A982438-A233-4F87-A25E-4B744FBFEA7E}
	EndGlobalSection
	GlobalSection(ExtensibilityGlobals) = postSolution
		SolutionGuid = {901D87E0-07A9-4049-81C2-A0454C0067CE}
	EndGlobalSection
EndGlobal
